// !$*UTF8*$!
{
	archiveVersion = 1;
	classes = {
	};
	objectVersion = 56;
	objects = {

/* Begin PBXBuildFile section */
		399EC8602A25AB85002262C3 /* AppDelegate.swift in Sources */ = {isa = PBXBuildFile; fileRef = 399EC85F2A25AB85002262C3 /* AppDelegate.swift */; };
		399EC8622A25AB85002262C3 /* ContentView.swift in Sources */ = {isa = PBXBuildFile; fileRef = 399EC8612A25AB85002262C3 /* ContentView.swift */; };
		399EC8642A25AB85002262C3 /* Experience.rcproject in Sources */ = {isa = PBXBuildFile; fileRef = 399EC8632A25AB85002262C3 /* Experience.rcproject */; };
		399EC8662A25AB85002262C3 /* Assets.xcassets in Resources */ = {isa = PBXBuildFile; fileRef = 399EC8652A25AB85002262C3 /* Assets.xcassets */; };
		399EC8692A25AB85002262C3 /* Preview Assets.xcassets in Resources */ = {isa = PBXBuildFile; fileRef = 399EC8682A25AB85002262C3 /* Preview Assets.xcassets */; };
		399EC8732A25AB85002262C3 /* rayCastTests.swift in Sources */ = {isa = PBXBuildFile; fileRef = 399EC8722A25AB85002262C3 /* rayCastTests.swift */; };
		399EC87D2A25AB85002262C3 /* rayCastUITests.swift in Sources */ = {isa = PBXBuildFile; fileRef = 399EC87C2A25AB85002262C3 /* rayCastUITests.swift */; };
		399EC87F2A25AB85002262C3 /* rayCastUITestsLaunchTests.swift in Sources */ = {isa = PBXBuildFile; fileRef = 399EC87E2A25AB85002262C3 /* rayCastUITestsLaunchTests.swift */; };
/* End PBXBuildFile section */

/* Begin PBXContainerItemProxy section */
		399EC86F2A25AB85002262C3 /* PBXContainerItemProxy */ = {
			isa = PBXContainerItemProxy;
			containerPortal = 399EC8542A25AB84002262C3 /* Project object */;
			proxyType = 1;
			remoteGlobalIDString = 399EC85B2A25AB85002262C3;
			remoteInfo = rayCast;
		};
		399EC8792A25AB85002262C3 /* PBXContainerItemProxy */ = {
			isa = PBXContainerItemProxy;
			containerPortal = 399EC8542A25AB84002262C3 /* Project object */;
			proxyType = 1;
			remoteGlobalIDString = 399EC85B2A25AB85002262C3;
			remoteInfo = rayCast;
		};
/* End PBXContainerItemProxy section */

/* Begin PBXFileReference section */
		399EC85C2A25AB85002262C3 /* rayCast.app */ = {isa = PBXFileReference; explicitFileType = wrapper.application; includeInIndex = 0; path = rayCast.app; sourceTree = BUILT_PRODUCTS_DIR; };
		399EC85F2A25AB85002262C3 /* AppDelegate.swift */ = {isa = PBXFileReference; lastKnownFileType = sourcecode.swift; path = AppDelegate.swift; sourceTree = "<group>"; };
		399EC8612A25AB85002262C3 /* ContentView.swift */ = {isa = PBXFileReference; lastKnownFileType = sourcecode.swift; path = ContentView.swift; sourceTree = "<group>"; };
		399EC8632A25AB85002262C3 /* Experience.rcproject */ = {isa = PBXFileReference; lastKnownFileType = file.rcproject; path = Experience.rcproject; sourceTree = "<group>"; };
		399EC8652A25AB85002262C3 /* Assets.xcassets */ = {isa = PBXFileReference; lastKnownFileType = folder.assetcatalog; path = Assets.xcassets; sourceTree = "<group>"; };
		399EC8682A25AB85002262C3 /* Preview Assets.xcassets */ = {isa = PBXFileReference; lastKnownFileType = folder.assetcatalog; path = "Preview Assets.xcassets"; sourceTree = "<group>"; };
		399EC86E2A25AB85002262C3 /* rayCastTests.xctest */ = {isa = PBXFileReference; explicitFileType = wrapper.cfbundle; includeInIndex = 0; path = rayCastTests.xctest; sourceTree = BUILT_PRODUCTS_DIR; };
		399EC8722A25AB85002262C3 /* rayCastTests.swift */ = {isa = PBXFileReference; lastKnownFileType = sourcecode.swift; path = rayCastTests.swift; sourceTree = "<group>"; };
		399EC8782A25AB85002262C3 /* rayCastUITests.xctest */ = {isa = PBXFileReference; explicitFileType = wrapper.cfbundle; includeInIndex = 0; path = rayCastUITests.xctest; sourceTree = BUILT_PRODUCTS_DIR; };
		399EC87C2A25AB85002262C3 /* rayCastUITests.swift */ = {isa = PBXFileReference; lastKnownFileType = sourcecode.swift; path = rayCastUITests.swift; sourceTree = "<group>"; };
		399EC87E2A25AB85002262C3 /* rayCastUITestsLaunchTests.swift */ = {isa = PBXFileReference; lastKnownFileType = sourcecode.swift; path = rayCastUITestsLaunchTests.swift; sourceTree = "<group>"; };
/* End PBXFileReference section */

/* Begin PBXFrameworksBuildPhase section */
		399EC8592A25AB85002262C3 /* Frameworks */ = {
			isa = PBXFrameworksBuildPhase;
			buildActionMask = 2147483647;
			files = (
			);
			runOnlyForDeploymentPostprocessing = 0;
		};
		399EC86B2A25AB85002262C3 /* Frameworks */ = {
			isa = PBXFrameworksBuildPhase;
			buildActionMask = 2147483647;
			files = (
			);
			runOnlyForDeploymentPostprocessing = 0;
		};
		399EC8752A25AB85002262C3 /* Frameworks */ = {
			isa = PBXFrameworksBuildPhase;
			buildActionMask = 2147483647;
			files = (
			);
			runOnlyForDeploymentPostprocessing = 0;
		};
/* End PBXFrameworksBuildPhase section */

/* Begin PBXGroup section */
		399EC8532A25AB84002262C3 = {
			isa = PBXGroup;
			children = (
				399EC85E2A25AB85002262C3 /* rayCast */,
				399EC8712A25AB85002262C3 /* rayCastTests */,
				399EC87B2A25AB85002262C3 /* rayCastUITests */,
				399EC85D2A25AB85002262C3 /* Products */,
			);
			sourceTree = "<group>";
		};
		399EC85D2A25AB85002262C3 /* Products */ = {
			isa = PBXGroup;
			children = (
				399EC85C2A25AB85002262C3 /* rayCast.app */,
				399EC86E2A25AB85002262C3 /* rayCastTests.xctest */,
				399EC8782A25AB85002262C3 /* rayCastUITests.xctest */,
			);
			name = Products;
			sourceTree = "<group>";
		};
		399EC85E2A25AB85002262C3 /* rayCast */ = {
			isa = PBXGroup;
			children = (
				399EC85F2A25AB85002262C3 /* AppDelegate.swift */,
				399EC8612A25AB85002262C3 /* ContentView.swift */,
				399EC8632A25AB85002262C3 /* Experience.rcproject */,
				399EC8652A25AB85002262C3 /* Assets.xcassets */,
				399EC8672A25AB85002262C3 /* Preview Content */,
			);
			path = rayCast;
			sourceTree = "<group>";
		};
		399EC8672A25AB85002262C3 /* Preview Content */ = {
			isa = PBXGroup;
			children = (
				399EC8682A25AB85002262C3 /* Preview Assets.xcassets */,
			);
			path = "Preview Content";
			sourceTree = "<group>";
		};
		399EC8712A25AB85002262C3 /* rayCastTests */ = {
			isa = PBXGroup;
			children = (
				399EC8722A25AB85002262C3 /* rayCastTests.swift */,
			);
			path = rayCastTests;
			sourceTree = "<group>";
		};
		399EC87B2A25AB85002262C3 /* rayCastUITests */ = {
			isa = PBXGroup;
			children = (
				399EC87C2A25AB85002262C3 /* rayCastUITests.swift */,
				399EC87E2A25AB85002262C3 /* rayCastUITestsLaunchTests.swift */,
			);
			path = rayCastUITests;
			sourceTree = "<group>";
		};
/* End PBXGroup section */

/* Begin PBXNativeTarget section */
		399EC85B2A25AB85002262C3 /* rayCast */ = {
			isa = PBXNativeTarget;
			buildConfigurationList = 399EC8822A25AB85002262C3 /* Build configuration list for PBXNativeTarget "rayCast" */;
			buildPhases = (
				399EC8582A25AB85002262C3 /* Sources */,
				399EC8592A25AB85002262C3 /* Frameworks */,
				399EC85A2A25AB85002262C3 /* Resources */,
			);
			buildRules = (
			);
			dependencies = (
			);
			name = rayCast;
			productName = rayCast;
			productReference = 399EC85C2A25AB85002262C3 /* rayCast.app */;
			productType = "com.apple.product-type.application";
		};
		399EC86D2A25AB85002262C3 /* rayCastTests */ = {
			isa = PBXNativeTarget;
			buildConfigurationList = 399EC8852A25AB85002262C3 /* Build configuration list for PBXNativeTarget "rayCastTests" */;
			buildPhases = (
				399EC86A2A25AB85002262C3 /* Sources */,
				399EC86B2A25AB85002262C3 /* Frameworks */,
				399EC86C2A25AB85002262C3 /* Resources */,
			);
			buildRules = (
			);
			dependencies = (
				399EC8702A25AB85002262C3 /* PBXTargetDependency */,
			);
			name = rayCastTests;
			productName = rayCastTests;
			productReference = 399EC86E2A25AB85002262C3 /* rayCastTests.xctest */;
			productType = "com.apple.product-type.bundle.unit-test";
		};
		399EC8772A25AB85002262C3 /* rayCastUITests */ = {
			isa = PBXNativeTarget;
			buildConfigurationList = 399EC8882A25AB85002262C3 /* Build configuration list for PBXNativeTarget "rayCastUITests" */;
			buildPhases = (
				399EC8742A25AB85002262C3 /* Sources */,
				399EC8752A25AB85002262C3 /* Frameworks */,
				399EC8762A25AB85002262C3 /* Resources */,
			);
			buildRules = (
			);
			dependencies = (
				399EC87A2A25AB85002262C3 /* PBXTargetDependency */,
			);
			name = rayCastUITests;
			productName = rayCastUITests;
			productReference = 399EC8782A25AB85002262C3 /* rayCastUITests.xctest */;
			productType = "com.apple.product-type.bundle.ui-testing";
		};
/* End PBXNativeTarget section */

/* Begin PBXProject section */
		399EC8542A25AB84002262C3 /* Project object */ = {
			isa = PBXProject;
			attributes = {
				BuildIndependentTargetsInParallel = 1;
				LastSwiftUpdateCheck = 1430;
				LastUpgradeCheck = 1430;
				TargetAttributes = {
					399EC85B2A25AB85002262C3 = {
						CreatedOnToolsVersion = 14.3;
					};
					399EC86D2A25AB85002262C3 = {
						CreatedOnToolsVersion = 14.3;
						TestTargetID = 399EC85B2A25AB85002262C3;
					};
					399EC8772A25AB85002262C3 = {
						CreatedOnToolsVersion = 14.3;
						TestTargetID = 399EC85B2A25AB85002262C3;
					};
				};
			};
			buildConfigurationList = 399EC8572A25AB84002262C3 /* Build configuration list for PBXProject "rayCast" */;
			compatibilityVersion = "Xcode 14.0";
			developmentRegion = en;
			hasScannedForEncodings = 0;
			knownRegions = (
				en,
				Base,
			);
			mainGroup = 399EC8532A25AB84002262C3;
			productRefGroup = 399EC85D2A25AB85002262C3 /* Products */;
			projectDirPath = "";
			projectRoot = "";
			targets = (
				399EC85B2A25AB85002262C3 /* rayCast */,
				399EC86D2A25AB85002262C3 /* rayCastTests */,
				399EC8772A25AB85002262C3 /* rayCastUITests */,
			);
		};
/* End PBXProject section */

/* Begin PBXResourcesBuildPhase section */
		399EC85A2A25AB85002262C3 /* Resources */ = {
			isa = PBXResourcesBuildPhase;
			buildActionMask = 2147483647;
			files = (
				399EC8692A25AB85002262C3 /* Preview Assets.xcassets in Resources */,
				399EC8662A25AB85002262C3 /* Assets.xcassets in Resources */,
			);
			runOnlyForDeploymentPostprocessing = 0;
		};
		399EC86C2A25AB85002262C3 /* Resources */ = {
			isa = PBXResourcesBuildPhase;
			buildActionMask = 2147483647;
			files = (
			);
			runOnlyForDeploymentPostprocessing = 0;
		};
		399EC8762A25AB85002262C3 /* Resources */ = {
			isa = PBXResourcesBuildPhase;
			buildActionMask = 2147483647;
			files = (
			);
			runOnlyForDeploymentPostprocessing = 0;
		};
/* End PBXResourcesBuildPhase section */

/* Begin PBXSourcesBuildPhase section */
		399EC8582A25AB85002262C3 /* Sources */ = {
			isa = PBXSourcesBuildPhase;
			buildActionMask = 2147483647;
			files = (
				399EC8622A25AB85002262C3 /* ContentView.swift in Sources */,
				399EC8602A25AB85002262C3 /* AppDelegate.swift in Sources */,
				399EC8642A25AB85002262C3 /* Experience.rcproject in Sources */,
			);
			runOnlyForDeploymentPostprocessing = 0;
		};
		399EC86A2A25AB85002262C3 /* Sources */ = {
			isa = PBXSourcesBuildPhase;
			buildActionMask = 2147483647;
			files = (
				399EC8732A25AB85002262C3 /* rayCastTests.swift in Sources */,
			);
			runOnlyForDeploymentPostprocessing = 0;
		};
		399EC8742A25AB85002262C3 /* Sources */ = {
			isa = PBXSourcesBuildPhase;
			buildActionMask = 2147483647;
			files = (
				399EC87F2A25AB85002262C3 /* rayCastUITestsLaunchTests.swift in Sources */,
				399EC87D2A25AB85002262C3 /* rayCastUITests.swift in Sources */,
			);
			runOnlyForDeploymentPostprocessing = 0;
		};
/* End PBXSourcesBuildPhase section */

/* Begin PBXTargetDependency section */
		399EC8702A25AB85002262C3 /* PBXTargetDependency */ = {
			isa = PBXTargetDependency;
			target = 399EC85B2A25AB85002262C3 /* rayCast */;
			targetProxy = 399EC86F2A25AB85002262C3 /* PBXContainerItemProxy */;
		};
		399EC87A2A25AB85002262C3 /* PBXTargetDependency */ = {
			isa = PBXTargetDependency;
			target = 399EC85B2A25AB85002262C3 /* rayCast */;
			targetProxy = 399EC8792A25AB85002262C3 /* PBXContainerItemProxy */;
		};
/* End PBXTargetDependency section */

/* Begin XCBuildConfiguration section */
		399EC8802A25AB85002262C3 /* Debug */ = {
			isa = XCBuildConfiguration;
			buildSettings = {
				ALWAYS_SEARCH_USER_PATHS = NO;
				CLANG_ANALYZER_NONNULL = YES;
				CLANG_ANALYZER_NUMBER_OBJECT_CONVERSION = YES_AGGRESSIVE;
				CLANG_CXX_LANGUAGE_STANDARD = "gnu++20";
				CLANG_ENABLE_MODULES = YES;
				CLANG_ENABLE_OBJC_ARC = YES;
				CLANG_ENABLE_OBJC_WEAK = YES;
				CLANG_WARN_BLOCK_CAPTURE_AUTORELEASING = YES;
				CLANG_WARN_BOOL_CONVERSION = YES;
				CLANG_WARN_COMMA = YES;
				CLANG_WARN_CONSTANT_CONVERSION = YES;
				CLANG_WARN_DEPRECATED_OBJC_IMPLEMENTATIONS = YES;
				CLANG_WARN_DIRECT_OBJC_ISA_USAGE = YES_ERROR;
				CLANG_WARN_DOCUMENTATION_COMMENTS = YES;
				CLANG_WARN_EMPTY_BODY = YES;
				CLANG_WARN_ENUM_CONVERSION = YES;
				CLANG_WARN_INFINITE_RECURSION = YES;
				CLANG_WARN_INT_CONVERSION = YES;
				CLANG_WARN_NON_LITERAL_NULL_CONVERSION = YES;
				CLANG_WARN_OBJC_IMPLICIT_RETAIN_SELF = YES;
				CLANG_WARN_OBJC_LITERAL_CONVERSION = YES;
				CLANG_WARN_OBJC_ROOT_CLASS = YES_ERROR;
				CLANG_WARN_QUOTED_INCLUDE_IN_FRAMEWORK_HEADER = YES;
				CLANG_WARN_RANGE_LOOP_ANALYSIS = YES;
				CLANG_WARN_STRICT_PROTOTYPES = YES;
				CLANG_WARN_SUSPICIOUS_MOVE = YES;
				CLANG_WARN_UNGUARDED_AVAILABILITY = YES_AGGRESSIVE;
				CLANG_WARN_UNREACHABLE_CODE = YES;
				CLANG_WARN__DUPLICATE_METHOD_MATCH = YES;
				COPY_PHASE_STRIP = NO;
				DEBUG_INFORMATION_FORMAT = dwarf;
				ENABLE_STRICT_OBJC_MSGSEND = YES;
				ENABLE_TESTABILITY = YES;
				GCC_C_LANGUAGE_STANDARD = gnu11;
				GCC_DYNAMIC_NO_PIC = NO;
				GCC_NO_COMMON_BLOCKS = YES;
				GCC_OPTIMIZATION_LEVEL = 0;
				GCC_PREPROCESSOR_DEFINITIONS = (
					"DEBUG=1",
					"$(inherited)",
				);
				GCC_WARN_64_TO_32_BIT_CONVERSION = YES;
				GCC_WARN_ABOUT_RETURN_TYPE = YES_ERROR;
				GCC_WARN_UNDECLARED_SELECTOR = YES;
				GCC_WARN_UNINITIALIZED_AUTOS = YES_AGGRESSIVE;
				GCC_WARN_UNUSED_FUNCTION = YES;
				GCC_WARN_UNUSED_VARIABLE = YES;
				IPHONEOS_DEPLOYMENT_TARGET = 16.4;
				MTL_ENABLE_DEBUG_INFO = INCLUDE_SOURCE;
				MTL_FAST_MATH = YES;
				ONLY_ACTIVE_ARCH = YES;
				SDKROOT = iphoneos;
				SWIFT_ACTIVE_COMPILATION_CONDITIONS = DEBUG;
				SWIFT_OPTIMIZATION_LEVEL = "-Onone";
			};
			name = Debug;
		};
		399EC8812A25AB85002262C3 /* Release */ = {
			isa = XCBuildConfiguration;
			buildSettings = {
				ALWAYS_SEARCH_USER_PATHS = NO;
				CLANG_ANALYZER_NONNULL = YES;
				CLANG_ANALYZER_NUMBER_OBJECT_CONVERSION = YES_AGGRESSIVE;
				CLANG_CXX_LANGUAGE_STANDARD = "gnu++20";
				CLANG_ENABLE_MODULES = YES;
				CLANG_ENABLE_OBJC_ARC = YES;
				CLANG_ENABLE_OBJC_WEAK = YES;
				CLANG_WARN_BLOCK_CAPTURE_AUTORELEASING = YES;
				CLANG_WARN_BOOL_CONVERSION = YES;
				CLANG_WARN_COMMA = YES;
				CLANG_WARN_CONSTANT_CONVERSION = YES;
				CLANG_WARN_DEPRECATED_OBJC_IMPLEMENTATIONS = YES;
				CLANG_WARN_DIRECT_OBJC_ISA_USAGE = YES_ERROR;
				CLANG_WARN_DOCUMENTATION_COMMENTS = YES;
				CLANG_WARN_EMPTY_BODY = YES;
				CLANG_WARN_ENUM_CONVERSION = YES;
				CLANG_WARN_INFINITE_RECURSION = YES;
				CLANG_WARN_INT_CONVERSION = YES;
				CLANG_WARN_NON_LITERAL_NULL_CONVERSION = YES;
				CLANG_WARN_OBJC_IMPLICIT_RETAIN_SELF = YES;
				CLANG_WARN_OBJC_LITERAL_CONVERSION = YES;
				CLANG_WARN_OBJC_ROOT_CLASS = YES_ERROR;
				CLANG_WARN_QUOTED_INCLUDE_IN_FRAMEWORK_HEADER = YES;
				CLANG_WARN_RANGE_LOOP_ANALYSIS = YES;
				CLANG_WARN_STRICT_PROTOTYPES = YES;
				CLANG_WARN_SUSPICIOUS_MOVE = YES;
				CLANG_WARN_UNGUARDED_AVAILABILITY = YES_AGGRESSIVE;
				CLANG_WARN_UNREACHABLE_CODE = YES;
				CLANG_WARN__DUPLICATE_METHOD_MATCH = YES;
				COPY_PHASE_STRIP = NO;
				DEBUG_INFORMATION_FORMAT = "dwarf-with-dsym";
				ENABLE_NS_ASSERTIONS = NO;
				ENABLE_STRICT_OBJC_MSGSEND = YES;
				GCC_C_LANGUAGE_STANDARD = gnu11;
				GCC_NO_COMMON_BLOCKS = YES;
				GCC_WARN_64_TO_32_BIT_CONVERSION = YES;
				GCC_WARN_ABOUT_RETURN_TYPE = YES_ERROR;
				GCC_WARN_UNDECLARED_SELECTOR = YES;
				GCC_WARN_UNINITIALIZED_AUTOS = YES_AGGRESSIVE;
				GCC_WARN_UNUSED_FUNCTION = YES;
				GCC_WARN_UNUSED_VARIABLE = YES;
				IPHONEOS_DEPLOYMENT_TARGET = 16.4;
				MTL_ENABLE_DEBUG_INFO = NO;
				MTL_FAST_MATH = YES;
				SDKROOT = iphoneos;
				SWIFT_COMPILATION_MODE = wholemodule;
				SWIFT_OPTIMIZATION_LEVEL = "-O";
				VALIDATE_PRODUCT = YES;
			};
			name = Release;
		};
		399EC8832A25AB85002262C3 /* Debug */ = {
			isa = XCBuildConfiguration;
			buildSettings = {
				ASSETCATALOG_COMPILER_APPICON_NAME = AppIcon;
				ASSETCATALOG_COMPILER_GLOBAL_ACCENT_COLOR_NAME = AccentColor;
				CODE_SIGN_STYLE = Automatic;
				CURRENT_PROJECT_VERSION = 1;
				DEVELOPMENT_ASSET_PATHS = "\"rayCast/Preview Content\"";
				DEVELOPMENT_TEAM = 3STM9V8DT5;
				ENABLE_PREVIEWS = YES;
				GENERATE_INFOPLIST_FILE = YES;
				INFOPLIST_KEY_NSCameraUsageDescription = "";
				INFOPLIST_KEY_UIApplicationSupportsIndirectInputEvents = YES;
				INFOPLIST_KEY_UILaunchScreen_Generation = YES;
				INFOPLIST_KEY_UIRequiredDeviceCapabilities = arkit;
				INFOPLIST_KEY_UIStatusBarHidden = YES;
				INFOPLIST_KEY_UISupportedInterfaceOrientations_iPad = "UIInterfaceOrientationPortrait UIInterfaceOrientationPortraitUpsideDown UIInterfaceOrientationLandscapeLeft UIInterfaceOrientationLandscapeRight";
				INFOPLIST_KEY_UISupportedInterfaceOrientations_iPhone = "UIInterfaceOrientationPortrait UIInterfaceOrientationLandscapeLeft UIInterfaceOrientationLandscapeRight";
				LD_RUNPATH_SEARCH_PATHS = (
					"$(inherited)",
					"@executable_path/Frameworks",
				);
				MARKETING_VERSION = 1.0;
				PRODUCT_BUNDLE_IDENTIFIER = "-200105263.rayCast";
				PRODUCT_NAME = "$(TARGET_NAME)";
				SWIFT_EMIT_LOC_STRINGS = YES;
				SWIFT_VERSION = 5.0;
				TARGETED_DEVICE_FAMILY = "1,2";
			};
			name = Debug;
		};
		399EC8842A25AB85002262C3 /* Release */ = {
			isa = XCBuildConfiguration;
			buildSettings = {
				ASSETCATALOG_COMPILER_APPICON_NAME = AppIcon;
				ASSETCATALOG_COMPILER_GLOBAL_ACCENT_COLOR_NAME = AccentColor;
				CODE_SIGN_STYLE = Automatic;
				CURRENT_PROJECT_VERSION = 1;
				DEVELOPMENT_ASSET_PATHS = "\"rayCast/Preview Content\"";
				DEVELOPMENT_TEAM = 3STM9V8DT5;
				ENABLE_PREVIEWS = YES;
				GENERATE_INFOPLIST_FILE = YES;
				INFOPLIST_KEY_NSCameraUsageDescription = "";
				INFOPLIST_KEY_UIApplicationSupportsIndirectInputEvents = YES;
				INFOPLIST_KEY_UILaunchScreen_Generation = YES;
				INFOPLIST_KEY_UIRequiredDeviceCapabilities = arkit;
				INFOPLIST_KEY_UIStatusBarHidden = YES;
				INFOPLIST_KEY_UISupportedInterfaceOrientations_iPad = "UIInterfaceOrientationPortrait UIInterfaceOrientationPortraitUpsideDown UIInterfaceOrientationLandscapeLeft UIInterfaceOrientationLandscapeRight";
				INFOPLIST_KEY_UISupportedInterfaceOrientations_iPhone = "UIInterfaceOrientationPortrait UIInterfaceOrientationLandscapeLeft UIInterfaceOrientationLandscapeRight";
				LD_RUNPATH_SEARCH_PATHS = (
					"$(inherited)",
					"@executable_path/Frameworks",
				);
				MARKETING_VERSION = 1.0;
				PRODUCT_BUNDLE_IDENTIFIER = "-200105263.rayCast";
				PRODUCT_NAME = "$(TARGET_NAME)";
				SWIFT_EMIT_LOC_STRINGS = YES;
				SWIFT_VERSION = 5.0;
				TARGETED_DEVICE_FAMILY = "1,2";
			};
			name = Release;
		};
		399EC8862A25AB85002262C3 /* Debug */ = {
			isa = XCBuildConfiguration;
			buildSettings = {
				ALWAYS_EMBED_SWIFT_STANDARD_LIBRARIES = YES;
				BUNDLE_LOADER = "$(TEST_HOST)";
				CODE_SIGN_STYLE = Automatic;
				CURRENT_PROJECT_VERSION = 1;
				DEVELOPMENT_TEAM = 3STM9V8DT5;
				GENERATE_INFOPLIST_FILE = YES;
				IPHONEOS_DEPLOYMENT_TARGET = 16.4;
				MARKETING_VERSION = 1.0;
				PRODUCT_BUNDLE_IDENTIFIER = "-200105263.rayCastTests";
				PRODUCT_NAME = "$(TARGET_NAME)";
				SWIFT_EMIT_LOC_STRINGS = NO;
				SWIFT_VERSION = 5.0;
				TARGETED_DEVICE_FAMILY = "1,2";
				TEST_HOST = "$(BUILT_PRODUCTS_DIR)/rayCast.app/$(BUNDLE_EXECUTABLE_FOLDER_PATH)/rayCast";
			};
			name = Debug;
		};
		399EC8872A25AB85002262C3 /* Release */ = {
			isa = XCBuildConfiguration;
			buildSettings = {
				ALWAYS_EMBED_SWIFT_STANDARD_LIBRARIES = YES;
				BUNDLE_LOADER = "$(TEST_HOST)";
				CODE_SIGN_STYLE = Automatic;
				CURRENT_PROJECT_VERSION = 1;
				DEVELOPMENT_TEAM = 3STM9V8DT5;
				GENERATE_INFOPLIST_FILE = YES;
				IPHONEOS_DEPLOYMENT_TARGET = 16.4;
				MARKETING_VERSION = 1.0;
				PRODUCT_BUNDLE_IDENTIFIER = "-200105263.rayCastTests";
				PRODUCT_NAME = "$(TARGET_NAME)";
				SWIFT_EMIT_LOC_STRINGS = NO;
				SWIFT_VERSION = 5.0;
				TARGETED_DEVICE_FAMILY = "1,2";
				TEST_HOST = "$(BUILT_PRODUCTS_DIR)/rayCast.app/$(BUNDLE_EXECUTABLE_FOLDER_PATH)/rayCast";
			};
			name = Release;
		};
		399EC8892A25AB85002262C3 /* Debug */ = {
			isa = XCBuildConfiguration;
			buildSettings = {
				ALWAYS_EMBED_SWIFT_STANDARD_LIBRARIES = YES;
				CODE_SIGN_STYLE = Automatic;
				CURRENT_PROJECT_VERSION = 1;
				DEVELOPMENT_TEAM = 3STM9V8DT5;
				GENERATE_INFOPLIST_FILE = YES;
				MARKETING_VERSION = 1.0;
				PRODUCT_BUNDLE_IDENTIFIER = "-200105263.rayCastUITests";
				PRODUCT_NAME = "$(TARGET_NAME)";
				SWIFT_EMIT_LOC_STRINGS = NO;
				SWIFT_VERSION = 5.0;
				TARGETED_DEVICE_FAMILY = "1,2";
				TEST_TARGET_NAME = rayCast;
			};
			name = Debug;
		};
		399EC88A2A25AB85002262C3 /* Release */ = {
			isa = XCBuildConfiguration;
			buildSettings = {
				ALWAYS_EMBED_SWIFT_STANDARD_LIBRARIES = YES;
				CODE_SIGN_STYLE = Automatic;
				CURRENT_PROJECT_VERSION = 1;
				DEVELOPMENT_TEAM = 3STM9V8DT5;
				GENERATE_INFOPLIST_FILE = YES;
				MARKETING_VERSION = 1.0;
				PRODUCT_BUNDLE_IDENTIFIER = "-200105263.rayCastUITests";
				PRODUCT_NAME = "$(TARGET_NAME)";
				SWIFT_EMIT_LOC_STRINGS = NO;
				SWIFT_VERSION = 5.0;
				TARGETED_DEVICE_FAMILY = "1,2";
				TEST_TARGET_NAME = rayCast;
			};
			name = Release;
		};
/* End XCBuildConfiguration section */

/* Begin XCConfigurationList section */
		399EC8572A25AB84002262C3 /* Build configuration list for PBXProject "rayCast" */ = {
			isa = XCConfigurationList;
			buildConfigurations = (
				399EC8802A25AB85002262C3 /* Debug */,
				399EC8812A25AB85002262C3 /* Release */,
			);
			defaultConfigurationIsVisible = 0;
			defaultConfigurationName = Release;
		};
		399EC8822A25AB85002262C3 /* Build configuration list for PBXNativeTarget "rayCast" */ = {
			isa = XCConfigurationList;
			buildConfigurations = (
				399EC8832A25AB85002262C3 /* Debug */,
				399EC8842A25AB85002262C3 /* Release */,
			);
			defaultConfigurationIsVisible = 0;
			defaultConfigurationName = Release;
		};
		399EC8852A25AB85002262C3 /* Build configuration list for PBXNativeTarget "rayCastTests" */ = {
			isa = XCConfigurationList;
			buildConfigurations = (
				399EC8862A25AB85002262C3 /* Debug */,
				399EC8872A25AB85002262C3 /* Release */,
			);
			defaultConfigurationIsVisible = 0;
			defaultConfigurationName = Release;
		};
		399EC8882A25AB85002262C3 /* Build configuration list for PBXNativeTarget "rayCastUITests" */ = {
			isa = XCConfigurationList;
			buildConfigurations = (
				399EC8892A25AB85002262C3 /* Debug */,
				399EC88A2A25AB85002262C3 /* Release */,
			);
			defaultConfigurationIsVisible = 0;
			defaultConfigurationName = Release;
		};
/* End XCConfigurationList section */
	};
	rootObject = 399EC8542A25AB84002262C3 /* Project object */;
}
